
Microsoft Visual Studio Solution File, Format Version 12.00
# Visual Studio Version 17
VisualStudioVersion = 17.14.36511.14 d17.14
MinimumVisualStudioVersion = 10.0.40219.1
Project("{FAE04EC0-301F-11D3-BF4B-00C04F79EFBC}") = "01. Class Box Data", "01. Class Box Data\01. Class Box Data.csproj", "{F69544E1-F2F9-497B-894F-F3867D886850}"
EndProject
Global
	GlobalSection(SolutionConfigurationPlatforms) = preSolution
		Debug|Any CPU = Debug|Any CPU
		Release|Any CPU = Release|Any CPU
	EndGlobalSection
	GlobalSection(ProjectConfigurationPlatforms) = postSolution
		{F69544E1-F2F9-497B-894F-F3867D886850}.Debug|Any CPU.ActiveCfg = Debug|Any CPU
		{F69544E1-F2F9-497B-894F-F3867D886850}.Debug|Any CPU.Build.0 = Debug|Any CPU
		{F69544E1-F2F9-497B-894F-F3867D886850}.Release|Any CPU.ActiveCfg = Release|Any CPU
		{F69544E1-F2F9-497B-894F-F3867D886850}.Release|Any CPU.Build.0 = Release|Any CPU
	EndGlobalSection
	GlobalSection(SolutionProperties) = preSolution
		HideSolutionNode = FALSE
	EndGlobalSection
	GlobalSection(ExtensibilityGlobals) = postSolution
		SolutionGuid = {DADB77EB-7803-4F49-93F1-63134BF592DC}
	EndGlobalSection
EndGlobal
