
Microsoft Visual Studio Solution File, Format Version 12.00
# Visual Studio Version 17
VisualStudioVersion = 17.14.36717.8 d17.14
MinimumVisualStudioVersion = 10.0.40219.1
Project("{FAE04EC0-301F-11D3-BF4B-00C04F79EFBC}") = "Workshop - Snake", "Workshop - Snake.csproj", "{4A7845F1-4281-474C-8BA2-C278D7BC273F}"
EndProject
Global
	GlobalSection(SolutionConfigurationPlatforms) = preSolution
		Debug|Any CPU = Debug|Any CPU
		Release|Any CPU = Release|Any CPU
	EndGlobalSection
	GlobalSection(ProjectConfigurationPlatforms) = postSolution
		{4A7845F1-4281-474C-8BA2-C278D7BC273F}.Debug|Any CPU.ActiveCfg = Debug|Any CPU
		{4A7845F1-4281-474C-8BA2-C278D7BC273F}.Debug|Any CPU.Build.0 = Debug|Any CPU
		{4A7845F1-4281-474C-8BA2-C278D7BC273F}.Release|Any CPU.ActiveCfg = Release|Any CPU
		{4A7845F1-4281-474C-8BA2-C278D7BC273F}.Release|Any CPU.Build.0 = Release|Any CPU
	EndGlobalSection
	GlobalSection(SolutionProperties) = preSolution
		HideSolutionNode = FALSE
	EndGlobalSection
	GlobalSection(ExtensibilityGlobals) = postSolution
		SolutionGuid = {D064B001-B705-48B0-B31D-7D1D7726C95F}
	EndGlobalSection
EndGlobal
