
Microsoft Visual Studio Solution File, Format Version 12.00
# Visual Studio Version 17
VisualStudioVersion = 17.14.36511.14 d17.14
MinimumVisualStudioVersion = 10.0.40219.1
Project("{FAE04EC0-301F-11D3-BF4B-00C04F79EFBC}") = "Shapes", "Shapes\Shapes.csproj", "{959B17D3-E887-4EC4-8EB8-1405000D6979}"
EndProject
Global
	GlobalSection(SolutionConfigurationPlatforms) = preSolution
		Debug|Any CPU = Debug|Any CPU
		Release|Any CPU = Release|Any CPU
	EndGlobalSection
	GlobalSection(ProjectConfigurationPlatforms) = postSolution
		{959B17D3-E887-4EC4-8EB8-1405000D6979}.Debug|Any CPU.ActiveCfg = Debug|Any CPU
		{959B17D3-E887-4EC4-8EB8-1405000D6979}.Debug|Any CPU.Build.0 = Debug|Any CPU
		{959B17D3-E887-4EC4-8EB8-1405000D6979}.Release|Any CPU.ActiveCfg = Release|Any CPU
		{959B17D3-E887-4EC4-8EB8-1405000D6979}.Release|Any CPU.Build.0 = Release|Any CPU
	EndGlobalSection
	GlobalSection(SolutionProperties) = preSolution
		HideSolutionNode = FALSE
	EndGlobalSection
	GlobalSection(ExtensibilityGlobals) = postSolution
		SolutionGuid = {6E77B9E0-9795-40D2-88AB-697B4E27C444}
	EndGlobalSection
EndGlobal
